// !$*UTF8*$!
{
	archiveVersion = 1;
	classes = {
	};
	objectVersion = 55;
	objects = {

/* Begin PBXBuildFile section */
		A6060392280436A000D6F0A0 /* DeleteButton.swift in Sources */ = {isa = PBXBuildFile; fileRef = A6060390280436A000D6F0A0 /* DeleteButton.swift */; };
		A6060396280A552300D6F0A0 /* Evaluator.swift in Sources */ = {isa = PBXBuildFile; fileRef = A6060394280A552300D6F0A0 /* Evaluator.swift */; };
		A6060399280A55E300D6F0A0 /* EvaluatorSettings.swift in Sources */ = {isa = PBXBuildFile; fileRef = A6060397280A55E300D6F0A0 /* EvaluatorSettings.swift */; };
		A664CE5828001EB900E42FD0 /* Tests_iOS.swift in Sources */ = {isa = PBXBuildFile; fileRef = A664CE5728001EB900E42FD0 /* Tests_iOS.swift */; };
		A664CE5A28001EB900E42FD0 /* Tests_iOSLaunchTests.swift in Sources */ = {isa = PBXBuildFile; fileRef = A664CE5928001EB900E42FD0 /* Tests_iOSLaunchTests.swift */; };
		A664CE6428001EB900E42FD0 /* Tests_macOS.swift in Sources */ = {isa = PBXBuildFile; fileRef = A664CE6328001EB900E42FD0 /* Tests_macOS.swift */; };
		A664CE6628001EB900E42FD0 /* Tests_macOSLaunchTests.swift in Sources */ = {isa = PBXBuildFile; fileRef = A664CE6528001EB900E42FD0 /* Tests_macOSLaunchTests.swift */; };
		A664CE6828001EB900E42FD0 /* FractalApp.swift in Sources */ = {isa = PBXBuildFile; fileRef = A664CE3F28001EB800E42FD0 /* FractalApp.swift */; };
		A664CE6A28001EB900E42FD0 /* CalculatorView.swift in Sources */ = {isa = PBXBuildFile; fileRef = A664CE4028001EB800E42FD0 /* CalculatorView.swift */; };
		A664CE6B28001EB900E42FD0 /* Assets.xcassets in Resources */ = {isa = PBXBuildFile; fileRef = A664CE4128001EB900E42FD0 /* Assets.xcassets */; };
		A664CE6C28001EB900E42FD0 /* Assets.xcassets in Resources */ = {isa = PBXBuildFile; fileRef = A664CE4128001EB900E42FD0 /* Assets.xcassets */; };
		A664CE7C28001FA700E42FD0 /* README.md in Resources */ = {isa = PBXBuildFile; fileRef = A664CE7B28001FA700E42FD0 /* README.md */; };
		A664CE8328041CE600E42FD0 /* CalcButton.swift in Sources */ = {isa = PBXBuildFile; fileRef = A664CE8128041CE600E42FD0 /* CalcButton.swift */; };
/* End PBXBuildFile section */

/* Begin PBXContainerItemProxy section */
		A664CE6028001EB900E42FD0 /* PBXContainerItemProxy */ = {
			isa = PBXContainerItemProxy;
			containerPortal = A664CE3A28001EB800E42FD0 /* Project object */;
			proxyType = 1;
			remoteGlobalIDString = A664CE4B28001EB900E42FD0;
			remoteInfo = "Fractal (macOS)";
		};
		A6ED5A67281F089000F38FC5 /* PBXContainerItemProxy */ = {
			isa = PBXContainerItemProxy;
			containerPortal = A664CE3A28001EB800E42FD0 /* Project object */;
			proxyType = 1;
			remoteGlobalIDString = A6ED5A61281F07DC00F38FC5;
			remoteInfo = "fractal-evaluator";
		};
		A6ED5A6B281F089F00F38FC5 /* PBXContainerItemProxy */ = {
			isa = PBXContainerItemProxy;
			containerPortal = A664CE3A28001EB800E42FD0 /* Project object */;
			proxyType = 1;
			remoteGlobalIDString = A6ED5A61281F07DC00F38FC5;
			remoteInfo = "fractal-evaluator";
		};
		A6ED5A6D281F08AE00F38FC5 /* PBXContainerItemProxy */ = {
			isa = PBXContainerItemProxy;
			containerPortal = A664CE3A28001EB800E42FD0 /* Project object */;
			proxyType = 1;
			remoteGlobalIDString = A664CE4528001EB900E42FD0;
			remoteInfo = "Fractal (iOS)";
		};
/* End PBXContainerItemProxy section */

/* Begin PBXFileReference section */
		A6060390280436A000D6F0A0 /* DeleteButton.swift */ = {isa = PBXFileReference; lastKnownFileType = sourcecode.swift; path = DeleteButton.swift; sourceTree = "<group>"; };
		A6060394280A552300D6F0A0 /* Evaluator.swift */ = {isa = PBXFileReference; lastKnownFileType = sourcecode.swift; path = Evaluator.swift; sourceTree = "<group>"; };
		A6060397280A55E300D6F0A0 /* EvaluatorSettings.swift */ = {isa = PBXFileReference; lastKnownFileType = sourcecode.swift; path = EvaluatorSettings.swift; sourceTree = "<group>"; };
		A664CE3F28001EB800E42FD0 /* FractalApp.swift */ = {isa = PBXFileReference; lastKnownFileType = sourcecode.swift; path = FractalApp.swift; sourceTree = "<group>"; };
		A664CE4028001EB800E42FD0 /* CalculatorView.swift */ = {isa = PBXFileReference; lastKnownFileType = sourcecode.swift; path = CalculatorView.swift; sourceTree = "<group>"; };
		A664CE4128001EB900E42FD0 /* Assets.xcassets */ = {isa = PBXFileReference; lastKnownFileType = folder.assetcatalog; path = Assets.xcassets; sourceTree = "<group>"; };
		A664CE4628001EB900E42FD0 /* Fractal.app */ = {isa = PBXFileReference; explicitFileType = wrapper.application; includeInIndex = 0; path = Fractal.app; sourceTree = BUILT_PRODUCTS_DIR; };
		A664CE4C28001EB900E42FD0 /* Fractal.app */ = {isa = PBXFileReference; explicitFileType = wrapper.application; includeInIndex = 0; path = Fractal.app; sourceTree = BUILT_PRODUCTS_DIR; };
		A664CE4E28001EB900E42FD0 /* macOS.entitlements */ = {isa = PBXFileReference; lastKnownFileType = text.plist.entitlements; path = macOS.entitlements; sourceTree = "<group>"; };
		A664CE5328001EB900E42FD0 /* Tests iOS.xctest */ = {isa = PBXFileReference; explicitFileType = wrapper.cfbundle; includeInIndex = 0; path = "Tests iOS.xctest"; sourceTree = BUILT_PRODUCTS_DIR; };
		A664CE5728001EB900E42FD0 /* Tests_iOS.swift */ = {isa = PBXFileReference; lastKnownFileType = sourcecode.swift; path = Tests_iOS.swift; sourceTree = "<group>"; };
		A664CE5928001EB900E42FD0 /* Tests_iOSLaunchTests.swift */ = {isa = PBXFileReference; lastKnownFileType = sourcecode.swift; path = Tests_iOSLaunchTests.swift; sourceTree = "<group>"; };
		A664CE5F28001EB900E42FD0 /* Tests macOS.xctest */ = {isa = PBXFileReference; explicitFileType = wrapper.cfbundle; includeInIndex = 0; path = "Tests macOS.xctest"; sourceTree = BUILT_PRODUCTS_DIR; };
		A664CE6328001EB900E42FD0 /* Tests_macOS.swift */ = {isa = PBXFileReference; lastKnownFileType = sourcecode.swift; path = Tests_macOS.swift; sourceTree = "<group>"; };
		A664CE6528001EB900E42FD0 /* Tests_macOSLaunchTests.swift */ = {isa = PBXFileReference; lastKnownFileType = sourcecode.swift; path = Tests_macOSLaunchTests.swift; sourceTree = "<group>"; };
		A664CE7B28001FA700E42FD0 /* README.md */ = {isa = PBXFileReference; fileEncoding = 4; lastKnownFileType = net.daringfireball.markdown; name = README.md; path = ../README.md; sourceTree = "<group>"; };
		A664CE8128041CE600E42FD0 /* CalcButton.swift */ = {isa = PBXFileReference; lastKnownFileType = sourcecode.swift; path = CalcButton.swift; sourceTree = "<group>"; };
		A6ED5A66281F082300F38FC5 /* evaluator.js */ = {isa = PBXFileReference; lastKnownFileType = sourcecode.javascript; path = evaluator.js; sourceTree = "<group>"; };
		A6ED5A6F281F092400F38FC5 /* package.json */ = {isa = PBXFileReference; fileEncoding = 4; lastKnownFileType = text.json; name = package.json; path = ../package.json; sourceTree = "<group>"; };
		A6ED5A70281F092400F38FC5 /* package-lock.json */ = {isa = PBXFileReference; fileEncoding = 4; lastKnownFileType = text.json; name = "package-lock.json"; path = "../package-lock.json"; sourceTree = "<group>"; };
/* End PBXFileReference section */

/* Begin PBXFrameworksBuildPhase section */
		A664CE4328001EB900E42FD0 /* Frameworks */ = {
			isa = PBXFrameworksBuildPhase;
			buildActionMask = 2147483647;
			files = (
			);
			runOnlyForDeploymentPostprocessing = 0;
		};
		A664CE4928001EB900E42FD0 /* Frameworks */ = {
			isa = PBXFrameworksBuildPhase;
			buildActionMask = 2147483647;
			files = (
			);
			runOnlyForDeploymentPostprocessing = 0;
		};
		A664CE5028001EB900E42FD0 /* Frameworks */ = {
			isa = PBXFrameworksBuildPhase;
			buildActionMask = 2147483647;
			files = (
			);
			runOnlyForDeploymentPostprocessing = 0;
		};
		A664CE5C28001EB900E42FD0 /* Frameworks */ = {
			isa = PBXFrameworksBuildPhase;
			buildActionMask = 2147483647;
			files = (
			);
			runOnlyForDeploymentPostprocessing = 0;
		};
/* End PBXFrameworksBuildPhase section */

/* Begin PBXGroup section */
		A6060393280A550500D6F0A0 /* Helpers */ = {
			isa = PBXGroup;
			children = (
				A6060394280A552300D6F0A0 /* Evaluator.swift */,
				A6060397280A55E300D6F0A0 /* EvaluatorSettings.swift */,
			);
			path = Helpers;
			sourceTree = "<group>";
		};
		A664CE3928001EB800E42FD0 = {
			isa = PBXGroup;
			children = (
				A6ED5A70281F092400F38FC5 /* package-lock.json */,
				A6ED5A6F281F092400F38FC5 /* package.json */,
				A6ED5A65281F07F100F38FC5 /* js */,
				A664CE7B28001FA700E42FD0 /* README.md */,
				A664CE3E28001EB800E42FD0 /* Shared */,
				A664CE4D28001EB900E42FD0 /* macOS */,
				A664CE5628001EB900E42FD0 /* Tests iOS */,
				A664CE6228001EB900E42FD0 /* Tests macOS */,
				A664CE4728001EB900E42FD0 /* Products */,
			);
			sourceTree = "<group>";
		};
		A664CE3E28001EB800E42FD0 /* Shared */ = {
			isa = PBXGroup;
			children = (
				A6060393280A550500D6F0A0 /* Helpers */,
				A664CE8028041CD500E42FD0 /* Components */,
				A664CE3F28001EB800E42FD0 /* FractalApp.swift */,
				A664CE4028001EB800E42FD0 /* CalculatorView.swift */,
				A664CE4128001EB900E42FD0 /* Assets.xcassets */,
			);
			path = Shared;
			sourceTree = "<group>";
		};
		A664CE4728001EB900E42FD0 /* Products */ = {
			isa = PBXGroup;
			children = (
				A664CE4628001EB900E42FD0 /* Fractal.app */,
				A664CE4C28001EB900E42FD0 /* Fractal.app */,
				A664CE5328001EB900E42FD0 /* Tests iOS.xctest */,
				A664CE5F28001EB900E42FD0 /* Tests macOS.xctest */,
			);
			name = Products;
			sourceTree = "<group>";
		};
		A664CE4D28001EB900E42FD0 /* macOS */ = {
			isa = PBXGroup;
			children = (
				A664CE4E28001EB900E42FD0 /* macOS.entitlements */,
			);
			path = macOS;
			sourceTree = "<group>";
		};
		A664CE5628001EB900E42FD0 /* Tests iOS */ = {
			isa = PBXGroup;
			children = (
				A664CE5728001EB900E42FD0 /* Tests_iOS.swift */,
				A664CE5928001EB900E42FD0 /* Tests_iOSLaunchTests.swift */,
			);
			path = "Tests iOS";
			sourceTree = "<group>";
		};
		A664CE6228001EB900E42FD0 /* Tests macOS */ = {
			isa = PBXGroup;
			children = (
				A664CE6328001EB900E42FD0 /* Tests_macOS.swift */,
				A664CE6528001EB900E42FD0 /* Tests_macOSLaunchTests.swift */,
			);
			path = "Tests macOS";
			sourceTree = "<group>";
		};
		A664CE8028041CD500E42FD0 /* Components */ = {
			isa = PBXGroup;
			children = (
				A664CE8128041CE600E42FD0 /* CalcButton.swift */,
				A6060390280436A000D6F0A0 /* DeleteButton.swift */,
			);
			path = Components;
			sourceTree = "<group>";
		};
		A6ED5A65281F07F100F38FC5 /* js */ = {
			isa = PBXGroup;
			children = (
				A6ED5A66281F082300F38FC5 /* evaluator.js */,
			);
			path = js;
			sourceTree = "<group>";
		};
/* End PBXGroup section */

/* Begin PBXLegacyTarget section */
		A6ED5A61281F07DC00F38FC5 /* fractal-evaluator */ = {
			isa = PBXLegacyTarget;
			buildArgumentsString = "npm run build";
			buildConfigurationList = A6ED5A62281F07DC00F38FC5 /* Build configuration list for PBXLegacyTarget "fractal-evaluator" */;
			buildPhases = (
			);
			buildToolPath = /bin/bash;
			buildWorkingDirectory = "";
			dependencies = (
			);
			name = "fractal-evaluator";
			passBuildSettingsInEnvironment = 1;
			productName = "fractal-evaluator";
		};
/* End PBXLegacyTarget section */

/* Begin PBXNativeTarget section */
		A664CE4528001EB900E42FD0 /* Fractal (iOS) */ = {
			isa = PBXNativeTarget;
			buildConfigurationList = A664CE6F28001EB900E42FD0 /* Build configuration list for PBXNativeTarget "Fractal (iOS)" */;
			buildPhases = (
				A664CE4228001EB900E42FD0 /* Sources */,
				A664CE4328001EB900E42FD0 /* Frameworks */,
				A664CE4428001EB900E42FD0 /* Resources */,
			);
			buildRules = (
			);
			dependencies = (
				A6ED5A68281F089000F38FC5 /* PBXTargetDependency */,
			);
			name = "Fractal (iOS)";
			productName = "Fractal (iOS)";
			productReference = A664CE4628001EB900E42FD0 /* Fractal.app */;
			productType = "com.apple.product-type.application";
		};
		A664CE4B28001EB900E42FD0 /* Fractal (macOS) */ = {
			isa = PBXNativeTarget;
			buildConfigurationList = A664CE7228001EB900E42FD0 /* Build configuration list for PBXNativeTarget "Fractal (macOS)" */;
			buildPhases = (
				A664CE4828001EB900E42FD0 /* Sources */,
				A664CE4928001EB900E42FD0 /* Frameworks */,
				A664CE4A28001EB900E42FD0 /* Resources */,
			);
			buildRules = (
			);
			dependencies = (
				A6ED5A6C281F089F00F38FC5 /* PBXTargetDependency */,
			);
			name = "Fractal (macOS)";
			productName = "Fractal (macOS)";
			productReference = A664CE4C28001EB900E42FD0 /* Fractal.app */;
			productType = "com.apple.product-type.application";
		};
		A664CE5228001EB900E42FD0 /* Tests iOS */ = {
			isa = PBXNativeTarget;
			buildConfigurationList = A664CE7528001EB900E42FD0 /* Build configuration list for PBXNativeTarget "Tests iOS" */;
			buildPhases = (
				A664CE4F28001EB900E42FD0 /* Sources */,
				A664CE5028001EB900E42FD0 /* Frameworks */,
				A664CE5128001EB900E42FD0 /* Resources */,
			);
			buildRules = (
			);
			dependencies = (
				A6ED5A6E281F08AE00F38FC5 /* PBXTargetDependency */,
			);
			name = "Tests iOS";
			productName = "Tests iOS";
			productReference = A664CE5328001EB900E42FD0 /* Tests iOS.xctest */;
			productType = "com.apple.product-type.bundle.ui-testing";
		};
		A664CE5E28001EB900E42FD0 /* Tests macOS */ = {
			isa = PBXNativeTarget;
			buildConfigurationList = A664CE7828001EB900E42FD0 /* Build configuration list for PBXNativeTarget "Tests macOS" */;
			buildPhases = (
				A664CE5B28001EB900E42FD0 /* Sources */,
				A664CE5C28001EB900E42FD0 /* Frameworks */,
				A664CE5D28001EB900E42FD0 /* Resources */,
			);
			buildRules = (
			);
			dependencies = (
				A664CE6128001EB900E42FD0 /* PBXTargetDependency */,
			);
			name = "Tests macOS";
			productName = "Tests macOS";
			productReference = A664CE5F28001EB900E42FD0 /* Tests macOS.xctest */;
			productType = "com.apple.product-type.bundle.ui-testing";
		};
/* End PBXNativeTarget section */

/* Begin PBXProject section */
		A664CE3A28001EB800E42FD0 /* Project object */ = {
			isa = PBXProject;
			attributes = {
				BuildIndependentTargetsInParallel = 1;
				LastSwiftUpdateCheck = 1320;
				LastUpgradeCheck = 1320;
				TargetAttributes = {
					A664CE4528001EB900E42FD0 = {
						CreatedOnToolsVersion = 13.2.1;
					};
					A664CE4B28001EB900E42FD0 = {
						CreatedOnToolsVersion = 13.2.1;
					};
					A664CE5228001EB900E42FD0 = {
						CreatedOnToolsVersion = 13.2.1;
						TestTargetID = A664CE4528001EB900E42FD0;
					};
					A664CE5E28001EB900E42FD0 = {
						CreatedOnToolsVersion = 13.2.1;
						TestTargetID = A664CE4B28001EB900E42FD0;
					};
					A6ED5A61281F07DC00F38FC5 = {
						CreatedOnToolsVersion = 13.2.1;
					};
				};
			};
			buildConfigurationList = A664CE3D28001EB800E42FD0 /* Build configuration list for PBXProject "Fractal" */;
			compatibilityVersion = "Xcode 13.0";
			developmentRegion = en;
			hasScannedForEncodings = 0;
			knownRegions = (
				en,
				Base,
			);
			mainGroup = A664CE3928001EB800E42FD0;
			productRefGroup = A664CE4728001EB900E42FD0 /* Products */;
			projectDirPath = "";
			projectRoot = "";
			targets = (
				A664CE4528001EB900E42FD0 /* Fractal (iOS) */,
				A664CE4B28001EB900E42FD0 /* Fractal (macOS) */,
				A664CE5228001EB900E42FD0 /* Tests iOS */,
				A664CE5E28001EB900E42FD0 /* Tests macOS */,
				A6ED5A61281F07DC00F38FC5 /* fractal-evaluator */,
			);
		};
/* End PBXProject section */

/* Begin PBXResourcesBuildPhase section */
		A664CE4428001EB900E42FD0 /* Resources */ = {
			isa = PBXResourcesBuildPhase;
			buildActionMask = 2147483647;
			files = (
				A664CE7C28001FA700E42FD0 /* README.md in Resources */,
				A664CE6B28001EB900E42FD0 /* Assets.xcassets in Resources */,
			);
			runOnlyForDeploymentPostprocessing = 0;
		};
		A664CE4A28001EB900E42FD0 /* Resources */ = {
			isa = PBXResourcesBuildPhase;
			buildActionMask = 2147483647;
			files = (
				A664CE6C28001EB900E42FD0 /* Assets.xcassets in Resources */,
			);
			runOnlyForDeploymentPostprocessing = 0;
		};
		A664CE5128001EB900E42FD0 /* Resources */ = {
			isa = PBXResourcesBuildPhase;
			buildActionMask = 2147483647;
			files = (
			);
			runOnlyForDeploymentPostprocessing = 0;
		};
		A664CE5D28001EB900E42FD0 /* Resources */ = {
			isa = PBXResourcesBuildPhase;
			buildActionMask = 2147483647;
			files = (
			);
			runOnlyForDeploymentPostprocessing = 0;
		};
/* End PBXResourcesBuildPhase section */

/* Begin PBXSourcesBuildPhase section */
		A664CE4228001EB900E42FD0 /* Sources */ = {
			isa = PBXSourcesBuildPhase;
			buildActionMask = 2147483647;
			files = (
			);
			runOnlyForDeploymentPostprocessing = 0;
		};
		A664CE4828001EB900E42FD0 /* Sources */ = {
			isa = PBXSourcesBuildPhase;
			buildActionMask = 2147483647;
			files = (
				A6060396280A552300D6F0A0 /* Evaluator.swift in Sources */,
				A6060392280436A000D6F0A0 /* DeleteButton.swift in Sources */,
				A6060399280A55E300D6F0A0 /* EvaluatorSettings.swift in Sources */,
				A664CE6A28001EB900E42FD0 /* CalculatorView.swift in Sources */,
				A664CE8328041CE600E42FD0 /* CalcButton.swift in Sources */,
				A664CE6828001EB900E42FD0 /* FractalApp.swift in Sources */,
			);
			runOnlyForDeploymentPostprocessing = 0;
		};
		A664CE4F28001EB900E42FD0 /* Sources */ = {
			isa = PBXSourcesBuildPhase;
			buildActionMask = 2147483647;
			files = (
				A664CE5A28001EB900E42FD0 /* Tests_iOSLaunchTests.swift in Sources */,
				A664CE5828001EB900E42FD0 /* Tests_iOS.swift in Sources */,
			);
			runOnlyForDeploymentPostprocessing = 0;
		};
		A664CE5B28001EB900E42FD0 /* Sources */ = {
			isa = PBXSourcesBuildPhase;
			buildActionMask = 2147483647;
			files = (
				A664CE6628001EB900E42FD0 /* Tests_macOSLaunchTests.swift in Sources */,
				A664CE6428001EB900E42FD0 /* Tests_macOS.swift in Sources */,
			);
			runOnlyForDeploymentPostprocessing = 0;
		};
/* End PBXSourcesBuildPhase section */

/* Begin PBXTargetDependency section */
		A664CE6128001EB900E42FD0 /* PBXTargetDependency */ = {
			isa = PBXTargetDependency;
			target = A664CE4B28001EB900E42FD0 /* Fractal (macOS) */;
			targetProxy = A664CE6028001EB900E42FD0 /* PBXContainerItemProxy */;
		};
		A6ED5A68281F089000F38FC5 /* PBXTargetDependency */ = {
			isa = PBXTargetDependency;
			target = A6ED5A61281F07DC00F38FC5 /* fractal-evaluator */;
			targetProxy = A6ED5A67281F089000F38FC5 /* PBXContainerItemProxy */;
		};
		A6ED5A6C281F089F00F38FC5 /* PBXTargetDependency */ = {
			isa = PBXTargetDependency;
			target = A6ED5A61281F07DC00F38FC5 /* fractal-evaluator */;
			targetProxy = A6ED5A6B281F089F00F38FC5 /* PBXContainerItemProxy */;
		};
		A6ED5A6E281F08AE00F38FC5 /* PBXTargetDependency */ = {
			isa = PBXTargetDependency;
			target = A664CE4528001EB900E42FD0 /* Fractal (iOS) */;
			targetProxy = A6ED5A6D281F08AE00F38FC5 /* PBXContainerItemProxy */;
		};
/* End PBXTargetDependency section */

/* Begin XCBuildConfiguration section */
		A664CE6D28001EB900E42FD0 /* Debug */ = {
			isa = XCBuildConfiguration;
			buildSettings = {
				ALWAYS_SEARCH_USER_PATHS = NO;
				CLANG_ANALYZER_NONNULL = YES;
				CLANG_ANALYZER_NUMBER_OBJECT_CONVERSION = YES_AGGRESSIVE;
				CLANG_CXX_LANGUAGE_STANDARD = "gnu++17";
				CLANG_CXX_LIBRARY = "libc++";
				CLANG_ENABLE_MODULES = YES;
				CLANG_ENABLE_OBJC_ARC = YES;
				CLANG_ENABLE_OBJC_WEAK = YES;
				CLANG_WARN_BLOCK_CAPTURE_AUTORELEASING = YES;
				CLANG_WARN_BOOL_CONVERSION = YES;
				CLANG_WARN_COMMA = YES;
				CLANG_WARN_CONSTANT_CONVERSION = YES;
				CLANG_WARN_DEPRECATED_OBJC_IMPLEMENTATIONS = YES;
				CLANG_WARN_DIRECT_OBJC_ISA_USAGE = YES_ERROR;
				CLANG_WARN_DOCUMENTATION_COMMENTS = YES;
				CLANG_WARN_EMPTY_BODY = YES;
				CLANG_WARN_ENUM_CONVERSION = YES;
				CLANG_WARN_INFINITE_RECURSION = YES;
				CLANG_WARN_INT_CONVERSION = YES;
				CLANG_WARN_NON_LITERAL_NULL_CONVERSION = YES;
				CLANG_WARN_OBJC_IMPLICIT_RETAIN_SELF = YES;
				CLANG_WARN_OBJC_LITERAL_CONVERSION = YES;
				CLANG_WARN_OBJC_ROOT_CLASS = YES_ERROR;
				CLANG_WARN_QUOTED_INCLUDE_IN_FRAMEWORK_HEADER = YES;
				CLANG_WARN_RANGE_LOOP_ANALYSIS = YES;
				CLANG_WARN_STRICT_PROTOTYPES = YES;
				CLANG_WARN_SUSPICIOUS_MOVE = YES;
				CLANG_WARN_UNGUARDED_AVAILABILITY = YES_AGGRESSIVE;
				CLANG_WARN_UNREACHABLE_CODE = YES;
				CLANG_WARN__DUPLICATE_METHOD_MATCH = YES;
				COPY_PHASE_STRIP = NO;
				DEBUG_INFORMATION_FORMAT = dwarf;
				ENABLE_STRICT_OBJC_MSGSEND = YES;
				ENABLE_TESTABILITY = YES;
				GCC_C_LANGUAGE_STANDARD = gnu11;
				GCC_DYNAMIC_NO_PIC = NO;
				GCC_NO_COMMON_BLOCKS = YES;
				GCC_OPTIMIZATION_LEVEL = 0;
				GCC_PREPROCESSOR_DEFINITIONS = (
					"DEBUG=1",
					"$(inherited)",
				);
				GCC_WARN_64_TO_32_BIT_CONVERSION = YES;
				GCC_WARN_ABOUT_RETURN_TYPE = YES_ERROR;
				GCC_WARN_UNDECLARED_SELECTOR = YES;
				GCC_WARN_UNINITIALIZED_AUTOS = YES_AGGRESSIVE;
				GCC_WARN_UNUSED_FUNCTION = YES;
				GCC_WARN_UNUSED_VARIABLE = YES;
				MTL_ENABLE_DEBUG_INFO = INCLUDE_SOURCE;
				MTL_FAST_MATH = YES;
				ONLY_ACTIVE_ARCH = YES;
				SWIFT_ACTIVE_COMPILATION_CONDITIONS = DEBUG;
				SWIFT_OPTIMIZATION_LEVEL = "-Onone";
			};
			name = Debug;
		};
		A664CE6E28001EB900E42FD0 /* Release */ = {
			isa = XCBuildConfiguration;
			buildSettings = {
				ALWAYS_SEARCH_USER_PATHS = NO;
				CLANG_ANALYZER_NONNULL = YES;
				CLANG_ANALYZER_NUMBER_OBJECT_CONVERSION = YES_AGGRESSIVE;
				CLANG_CXX_LANGUAGE_STANDARD = "gnu++17";
				CLANG_CXX_LIBRARY = "libc++";
				CLANG_ENABLE_MODULES = YES;
				CLANG_ENABLE_OBJC_ARC = YES;
				CLANG_ENABLE_OBJC_WEAK = YES;
				CLANG_WARN_BLOCK_CAPTURE_AUTORELEASING = YES;
				CLANG_WARN_BOOL_CONVERSION = YES;
				CLANG_WARN_COMMA = YES;
				CLANG_WARN_CONSTANT_CONVERSION = YES;
				CLANG_WARN_DEPRECATED_OBJC_IMPLEMENTATIONS = YES;
				CLANG_WARN_DIRECT_OBJC_ISA_USAGE = YES_ERROR;
				CLANG_WARN_DOCUMENTATION_COMMENTS = YES;
				CLANG_WARN_EMPTY_BODY = YES;
				CLANG_WARN_ENUM_CONVERSION = YES;
				CLANG_WARN_INFINITE_RECURSION = YES;
				CLANG_WARN_INT_CONVERSION = YES;
				CLANG_WARN_NON_LITERAL_NULL_CONVERSION = YES;
				CLANG_WARN_OBJC_IMPLICIT_RETAIN_SELF = YES;
				CLANG_WARN_OBJC_LITERAL_CONVERSION = YES;
				CLANG_WARN_OBJC_ROOT_CLASS = YES_ERROR;
				CLANG_WARN_QUOTED_INCLUDE_IN_FRAMEWORK_HEADER = YES;
				CLANG_WARN_RANGE_LOOP_ANALYSIS = YES;
				CLANG_WARN_STRICT_PROTOTYPES = YES;
				CLANG_WARN_SUSPICIOUS_MOVE = YES;
				CLANG_WARN_UNGUARDED_AVAILABILITY = YES_AGGRESSIVE;
				CLANG_WARN_UNREACHABLE_CODE = YES;
				CLANG_WARN__DUPLICATE_METHOD_MATCH = YES;
				COPY_PHASE_STRIP = NO;
				DEBUG_INFORMATION_FORMAT = "dwarf-with-dsym";
				ENABLE_NS_ASSERTIONS = NO;
				ENABLE_STRICT_OBJC_MSGSEND = YES;
				GCC_C_LANGUAGE_STANDARD = gnu11;
				GCC_NO_COMMON_BLOCKS = YES;
				GCC_WARN_64_TO_32_BIT_CONVERSION = YES;
				GCC_WARN_ABOUT_RETURN_TYPE = YES_ERROR;
				GCC_WARN_UNDECLARED_SELECTOR = YES;
				GCC_WARN_UNINITIALIZED_AUTOS = YES_AGGRESSIVE;
				GCC_WARN_UNUSED_FUNCTION = YES;
				GCC_WARN_UNUSED_VARIABLE = YES;
				MTL_ENABLE_DEBUG_INFO = NO;
				MTL_FAST_MATH = YES;
				SWIFT_COMPILATION_MODE = wholemodule;
				SWIFT_OPTIMIZATION_LEVEL = "-O";
			};
			name = Release;
		};
		A664CE7028001EB900E42FD0 /* Debug */ = {
			isa = XCBuildConfiguration;
			buildSettings = {
				ASSETCATALOG_COMPILER_APPICON_NAME = AppIcon;
				ASSETCATALOG_COMPILER_GLOBAL_ACCENT_COLOR_NAME = AccentColor;
				CODE_SIGN_STYLE = Automatic;
				CURRENT_PROJECT_VERSION = 1;
				DEVELOPMENT_TEAM = XL5JK4F896;
				ENABLE_PREVIEWS = YES;
				GENERATE_INFOPLIST_FILE = YES;
				INFOPLIST_KEY_UIApplicationSceneManifest_Generation = YES;
				INFOPLIST_KEY_UIApplicationSupportsIndirectInputEvents = YES;
				INFOPLIST_KEY_UILaunchScreen_Generation = YES;
				INFOPLIST_KEY_UISupportedInterfaceOrientations = UIInterfaceOrientationPortrait;
				INFOPLIST_KEY_UISupportedInterfaceOrientations_iPad = "UIInterfaceOrientationPortrait UIInterfaceOrientationPortraitUpsideDown UIInterfaceOrientationLandscapeLeft UIInterfaceOrientationLandscapeRight";
				INFOPLIST_KEY_UISupportedInterfaceOrientations_iPhone = "UIInterfaceOrientationPortrait UIInterfaceOrientationLandscapeLeft UIInterfaceOrientationLandscapeRight";
				IPHONEOS_DEPLOYMENT_TARGET = 15.2;
				LD_RUNPATH_SEARCH_PATHS = (
					"$(inherited)",
					"@executable_path/Frameworks",
				);
				MARKETING_VERSION = 1.0;
				PRODUCT_BUNDLE_IDENTIFIER = tk.sg.Fractal;
				PRODUCT_NAME = Fractal;
				SDKROOT = iphoneos;
				SWIFT_EMIT_LOC_STRINGS = YES;
				SWIFT_VERSION = 5.0;
				TARGETED_DEVICE_FAMILY = "1,2";
			};
			name = Debug;
		};
		A664CE7128001EB900E42FD0 /* Release */ = {
			isa = XCBuildConfiguration;
			buildSettings = {
				ASSETCATALOG_COMPILER_APPICON_NAME = AppIcon;
				ASSETCATALOG_COMPILER_GLOBAL_ACCENT_COLOR_NAME = AccentColor;
				CODE_SIGN_STYLE = Automatic;
				CURRENT_PROJECT_VERSION = 1;
				DEVELOPMENT_TEAM = XL5JK4F896;
				ENABLE_PREVIEWS = YES;
				GENERATE_INFOPLIST_FILE = YES;
				INFOPLIST_KEY_UIApplicationSceneManifest_Generation = YES;
				INFOPLIST_KEY_UIApplicationSupportsIndirectInputEvents = YES;
				INFOPLIST_KEY_UILaunchScreen_Generation = YES;
				INFOPLIST_KEY_UISupportedInterfaceOrientations = UIInterfaceOrientationPortrait;
				INFOPLIST_KEY_UISupportedInterfaceOrientations_iPad = "UIInterfaceOrientationPortrait UIInterfaceOrientationPortraitUpsideDown UIInterfaceOrientationLandscapeLeft UIInterfaceOrientationLandscapeRight";
				INFOPLIST_KEY_UISupportedInterfaceOrientations_iPhone = "UIInterfaceOrientationPortrait UIInterfaceOrientationLandscapeLeft UIInterfaceOrientationLandscapeRight";
				IPHONEOS_DEPLOYMENT_TARGET = 15.2;
				LD_RUNPATH_SEARCH_PATHS = (
					"$(inherited)",
					"@executable_path/Frameworks",
				);
				MARKETING_VERSION = 1.0;
				PRODUCT_BUNDLE_IDENTIFIER = tk.sg.Fractal;
				PRODUCT_NAME = Fractal;
				SDKROOT = iphoneos;
				SWIFT_EMIT_LOC_STRINGS = YES;
				SWIFT_VERSION = 5.0;
				TARGETED_DEVICE_FAMILY = "1,2";
				VALIDATE_PRODUCT = YES;
			};
			name = Release;
		};
		A664CE7328001EB900E42FD0 /* Debug */ = {
			isa = XCBuildConfiguration;
			buildSettings = {
				ASSETCATALOG_COMPILER_APPICON_NAME = AppIcon;
				ASSETCATALOG_COMPILER_GLOBAL_ACCENT_COLOR_NAME = AccentColor;
				CODE_SIGN_ENTITLEMENTS = macOS/macOS.entitlements;
				CODE_SIGN_STYLE = Automatic;
				COMBINE_HIDPI_IMAGES = YES;
				CURRENT_PROJECT_VERSION = 1;
				DEVELOPMENT_TEAM = XL5JK4F896;
				ENABLE_HARDENED_RUNTIME = YES;
				ENABLE_PREVIEWS = YES;
				GENERATE_INFOPLIST_FILE = YES;
				INFOPLIST_KEY_NSHumanReadableCopyright = "";
				LD_RUNPATH_SEARCH_PATHS = (
					"$(inherited)",
					"@executable_path/../Frameworks",
				);
				MACOSX_DEPLOYMENT_TARGET = 12.1;
				MARKETING_VERSION = 1.0;
				PRODUCT_BUNDLE_IDENTIFIER = tk.sg.Fractal;
				PRODUCT_NAME = Fractal;
				SDKROOT = macosx;
				SWIFT_EMIT_LOC_STRINGS = YES;
				SWIFT_VERSION = 5.0;
			};
			name = Debug;
		};
		A664CE7428001EB900E42FD0 /* Release */ = {
			isa = XCBuildConfiguration;
			buildSettings = {
				ASSETCATALOG_COMPILER_APPICON_NAME = AppIcon;
				ASSETCATALOG_COMPILER_GLOBAL_ACCENT_COLOR_NAME = AccentColor;
				CODE_SIGN_ENTITLEMENTS = macOS/macOS.entitlements;
				CODE_SIGN_STYLE = Automatic;
				COMBINE_HIDPI_IMAGES = YES;
				CURRENT_PROJECT_VERSION = 1;
				DEVELOPMENT_TEAM = XL5JK4F896;
				ENABLE_HARDENED_RUNTIME = YES;
				ENABLE_PREVIEWS = YES;
				GENERATE_INFOPLIST_FILE = YES;
				INFOPLIST_KEY_NSHumanReadableCopyright = "";
				LD_RUNPATH_SEARCH_PATHS = (
					"$(inherited)",
					"@executable_path/../Frameworks",
				);
				MACOSX_DEPLOYMENT_TARGET = 12.1;
				MARKETING_VERSION = 1.0;
				PRODUCT_BUNDLE_IDENTIFIER = tk.sg.Fractal;
				PRODUCT_NAME = Fractal;
				SDKROOT = macosx;
				SWIFT_EMIT_LOC_STRINGS = YES;
				SWIFT_VERSION = 5.0;
			};
			name = Release;
		};
		A664CE7628001EB900E42FD0 /* Debug */ = {
			isa = XCBuildConfiguration;
			buildSettings = {
				CODE_SIGN_STYLE = Automatic;
				CURRENT_PROJECT_VERSION = 1;
				DEVELOPMENT_TEAM = XL5JK4F896;
				GENERATE_INFOPLIST_FILE = YES;
				IPHONEOS_DEPLOYMENT_TARGET = 15.2;
				MARKETING_VERSION = 1.0;
				PRODUCT_BUNDLE_IDENTIFIER = "tk.sg.Tests-iOS";
				PRODUCT_NAME = "$(TARGET_NAME)";
				SDKROOT = iphoneos;
				SWIFT_EMIT_LOC_STRINGS = NO;
				SWIFT_VERSION = 5.0;
				TARGETED_DEVICE_FAMILY = "1,2";
				TEST_TARGET_NAME = "Fractal (iOS)";
			};
			name = Debug;
		};
		A664CE7728001EB900E42FD0 /* Release */ = {
			isa = XCBuildConfiguration;
			buildSettings = {
				CODE_SIGN_STYLE = Automatic;
				CURRENT_PROJECT_VERSION = 1;
				DEVELOPMENT_TEAM = XL5JK4F896;
				GENERATE_INFOPLIST_FILE = YES;
				IPHONEOS_DEPLOYMENT_TARGET = 15.2;
				MARKETING_VERSION = 1.0;
				PRODUCT_BUNDLE_IDENTIFIER = "tk.sg.Tests-iOS";
				PRODUCT_NAME = "$(TARGET_NAME)";
				SDKROOT = iphoneos;
				SWIFT_EMIT_LOC_STRINGS = NO;
				SWIFT_VERSION = 5.0;
				TARGETED_DEVICE_FAMILY = "1,2";
				TEST_TARGET_NAME = "Fractal (iOS)";
				VALIDATE_PRODUCT = YES;
			};
			name = Release;
		};
		A664CE7928001EB900E42FD0 /* Debug */ = {
			isa = XCBuildConfiguration;
			buildSettings = {
				ALWAYS_EMBED_SWIFT_STANDARD_LIBRARIES = YES;
				CODE_SIGN_STYLE = Automatic;
				CURRENT_PROJECT_VERSION = 1;
				DEVELOPMENT_TEAM = XL5JK4F896;
				GENERATE_INFOPLIST_FILE = YES;
				MACOSX_DEPLOYMENT_TARGET = 12.1;
				MARKETING_VERSION = 1.0;
				PRODUCT_BUNDLE_IDENTIFIER = "tk.sg.Tests-macOS";
				PRODUCT_NAME = "$(TARGET_NAME)";
				SDKROOT = macosx;
				SWIFT_EMIT_LOC_STRINGS = NO;
				SWIFT_VERSION = 5.0;
				TEST_TARGET_NAME = "Fractal (macOS)";
			};
			name = Debug;
		};
		A664CE7A28001EB900E42FD0 /* Release */ = {
			isa = XCBuildConfiguration;
			buildSettings = {
				ALWAYS_EMBED_SWIFT_STANDARD_LIBRARIES = YES;
				CODE_SIGN_STYLE = Automatic;
				CURRENT_PROJECT_VERSION = 1;
				DEVELOPMENT_TEAM = XL5JK4F896;
				GENERATE_INFOPLIST_FILE = YES;
				MACOSX_DEPLOYMENT_TARGET = 12.1;
				MARKETING_VERSION = 1.0;
				PRODUCT_BUNDLE_IDENTIFIER = "tk.sg.Tests-macOS";
				PRODUCT_NAME = "$(TARGET_NAME)";
				SDKROOT = macosx;
				SWIFT_EMIT_LOC_STRINGS = NO;
				SWIFT_VERSION = 5.0;
				TEST_TARGET_NAME = "Fractal (macOS)";
			};
			name = Release;
		};
		A6ED5A63281F07DC00F38FC5 /* Debug */ = {
			isa = XCBuildConfiguration;
			buildSettings = {
				CODE_SIGN_STYLE = Automatic;
				DEBUGGING_SYMBOLS = YES;
				DEBUG_INFORMATION_FORMAT = dwarf;
				DEVELOPMENT_TEAM = XL5JK4F896;
				GCC_GENERATE_DEBUGGING_SYMBOLS = YES;
				GCC_OPTIMIZATION_LEVEL = 0;
				OTHER_CFLAGS = "";
				OTHER_LDFLAGS = "";
				PRODUCT_NAME = "$(TARGET_NAME)";
			};
			name = Debug;
		};
		A6ED5A64281F07DC00F38FC5 /* Release */ = {
			isa = XCBuildConfiguration;
			buildSettings = {
				CODE_SIGN_STYLE = Automatic;
				DEBUG_INFORMATION_FORMAT = "dwarf-with-dsym";
				DEVELOPMENT_TEAM = XL5JK4F896;
				OTHER_CFLAGS = "";
				OTHER_LDFLAGS = "";
				PRODUCT_NAME = "$(TARGET_NAME)";
			};
			name = Release;
		};
/* End XCBuildConfiguration section */

/* Begin XCConfigurationList section */
		A664CE3D28001EB800E42FD0 /* Build configuration list for PBXProject "Fractal" */ = {
			isa = XCConfigurationList;
			buildConfigurations = (
				A664CE6D28001EB900E42FD0 /* Debug */,
				A664CE6E28001EB900E42FD0 /* Release */,
			);
			defaultConfigurationIsVisible = 0;
			defaultConfigurationName = Release;
		};
		A664CE6F28001EB900E42FD0 /* Build configuration list for PBXNativeTarget "Fractal (iOS)" */ = {
			isa = XCConfigurationList;
			buildConfigurations = (
				A664CE7028001EB900E42FD0 /* Debug */,
				A664CE7128001EB900E42FD0 /* Release */,
			);
			defaultConfigurationIsVisible = 0;
			defaultConfigurationName = Release;
		};
		A664CE7228001EB900E42FD0 /* Build configuration list for PBXNativeTarget "Fractal (macOS)" */ = {
			isa = XCConfigurationList;
			buildConfigurations = (
				A664CE7328001EB900E42FD0 /* Debug */,
				A664CE7428001EB900E42FD0 /* Release */,
			);
			defaultConfigurationIsVisible = 0;
			defaultConfigurationName = Release;
		};
		A664CE7528001EB900E42FD0 /* Build configuration list for PBXNativeTarget "Tests iOS" */ = {
			isa = XCConfigurationList;
			buildConfigurations = (
				A664CE7628001EB900E42FD0 /* Debug */,
				A664CE7728001EB900E42FD0 /* Release */,
			);
			defaultConfigurationIsVisible = 0;
			defaultConfigurationName = Release;
		};
		A664CE7828001EB900E42FD0 /* Build configuration list for PBXNativeTarget "Tests macOS" */ = {
			isa = XCConfigurationList;
			buildConfigurations = (
				A664CE7928001EB900E42FD0 /* Debug */,
				A664CE7A28001EB900E42FD0 /* Release */,
			);
			defaultConfigurationIsVisible = 0;
			defaultConfigurationName = Release;
		};
		A6ED5A62281F07DC00F38FC5 /* Build configuration list for PBXLegacyTarget "fractal-evaluator" */ = {
			isa = XCConfigurationList;
			buildConfigurations = (
				A6ED5A63281F07DC00F38FC5 /* Debug */,
				A6ED5A64281F07DC00F38FC5 /* Release */,
			);
			defaultConfigurationIsVisible = 0;
			defaultConfigurationName = Release;
		};
/* End XCConfigurationList section */
	};
	rootObject = A664CE3A28001EB800E42FD0 /* Project object */;
}
